
Microsoft Visual Studio Solution File, Format Version 12.00
# Visual Studio Version 17
VisualStudioVersion = 17.5.002.0
MinimumVisualStudioVersion = 10.0.40219.1
Project("{9A19103F-16F7-4668-BE54-9A1E7A4F7556}") = "DesafioFundamentos", "DesafioFundamentos.csproj", "{17D3523B-1E3A-411C-981B-E61F2C228667}"
EndProject
Global
	GlobalSection(SolutionConfigurationPlatforms) = preSolution
		Debug|Any CPU = Debug|Any CPU
		Release|Any CPU = Release|Any CPU
	EndGlobalSection
	GlobalSection(ProjectConfigurationPlatforms) = postSolution
		{17D3523B-1E3A-411C-981B-E61F2C228667}.Debug|Any CPU.ActiveCfg = Debug|Any CPU
		{17D3523B-1E3A-411C-981B-E61F2C228667}.Debug|Any CPU.Build.0 = Debug|Any CPU
		{17D3523B-1E3A-411C-981B-E61F2C228667}.Release|Any CPU.ActiveCfg = Release|Any CPU
		{17D3523B-1E3A-411C-981B-E61F2C228667}.Release|Any CPU.Build.0 = Release|Any CPU
	EndGlobalSection
	GlobalSection(SolutionProperties) = preSolution
		HideSolutionNode = FALSE
	EndGlobalSection
	GlobalSection(ExtensibilityGlobals) = postSolution
		SolutionGuid = {97C5BDBE-F806-4DE2-88A9-AEC7C6DF0D45}
	EndGlobalSection
EndGlobal
